
Microsoft Visual Studio Solution File, Format Version 12.00
# Visual Studio Version 16
VisualStudioVersion = 16.0.30503.244
MinimumVisualStudioVersion = 10.0.40219.1
Project("{FAE04EC0-301F-11D3-BF4B-00C04F79EFBC}") = "AppGithub", "AppGithub.csproj", "{59A6AF16-B434-4578-AF3E-7EB808A13A55}"
EndProject
Global
	GlobalSection(SolutionConfigurationPlatforms) = preSolution
		Debug|Any CPU = Debug|Any CPU
		Release|Any CPU = Release|Any CPU
	EndGlobalSection
	GlobalSection(ProjectConfigurationPlatforms) = postSolution
		{59A6AF16-B434-4578-AF3E-7EB808A13A55}.Debug|Any CPU.ActiveCfg = Debug|Any CPU
		{59A6AF16-B434-4578-AF3E-7EB808A13A55}.Debug|Any CPU.Build.0 = Debug|Any CPU
		{59A6AF16-B434-4578-AF3E-7EB808A13A55}.Release|Any CPU.ActiveCfg = Release|Any CPU
		{59A6AF16-B434-4578-AF3E-7EB808A13A55}.Release|Any CPU.Build.0 = Release|Any CPU
	EndGlobalSection
	GlobalSection(SolutionProperties) = preSolution
		HideSolutionNode = FALSE
	EndGlobalSection
	GlobalSection(ExtensibilityGlobals) = postSolution
		SolutionGuid = {DDD9B21B-D742-49EB-9CFF-8167F9E11D82}
	EndGlobalSection
EndGlobal
